
Microsoft Visual Studio Solution File, Format Version 10.00
# Visual Studio 2008
Project("{FAE04EC0-301F-11D3-BF4B-00C04F79EFBC}") = "Starfish.Extensions", "src\Starfish.Extensions\Starfish.Extensions.csproj", "{FAE2D136-74B4-41DD-96FD-4C5BAC16895C}"
EndProject
Project("{FAE04EC0-301F-11D3-BF4B-00C04F79EFBC}") = "Starfish.Extensions.Test", "test\Starfish.Extensions.Test\Starfish.Extensions.Test.csproj", "{777FC1FB-F4BF-4784-AF05-030863E453E4}"
EndProject
Global
	GlobalSection(SolutionConfigurationPlatforms) = preSolution
		Debug|Any CPU = Debug|Any CPU
		Release|Any CPU = Release|Any CPU
	EndGlobalSection
	GlobalSection(ProjectConfigurationPlatforms) = postSolution
		{FAE2D136-74B4-41DD-96FD-4C5BAC16895C}.Debug|Any CPU.ActiveCfg = Debug|Any CPU
		{FAE2D136-74B4-41DD-96FD-4C5BAC16895C}.Debug|Any CPU.Build.0 = Debug|Any CPU
		{FAE2D136-74B4-41DD-96FD-4C5BAC16895C}.Release|Any CPU.ActiveCfg = Release|Any CPU
		{FAE2D136-74B4-41DD-96FD-4C5BAC16895C}.Release|Any CPU.Build.0 = Release|Any CPU
		{777FC1FB-F4BF-4784-AF05-030863E453E4}.Debug|Any CPU.ActiveCfg = Debug|Any CPU
		{777FC1FB-F4BF-4784-AF05-030863E453E4}.Debug|Any CPU.Build.0 = Debug|Any CPU
		{777FC1FB-F4BF-4784-AF05-030863E453E4}.Release|Any CPU.ActiveCfg = Release|Any CPU
		{777FC1FB-F4BF-4784-AF05-030863E453E4}.Release|Any CPU.Build.0 = Release|Any CPU
	EndGlobalSection
	GlobalSection(SolutionProperties) = preSolution
		HideSolutionNode = FALSE
	EndGlobalSection
EndGlobal
